<?xml version="1.0" encoding="utf-8"?>
<Project ToolsVersion="Current" xmlns="http://schemas.microsoft.com/developer/msbuild/2003">
  <ItemGroup>
    <Filter Include="Header Files">
      <Extensions>h</Extensions>
    </Filter>
    <Filter Include="Source Files">
      <Extensions>cpp</Extensions>
    </Filter>
  </ItemGroup>
  <!-- Everything below this line is generated by VS -->
  <ItemGroup>
    <ClInclude Include="$(SolutionDir)\Includes\Detourer\detourer.h">
      <Filter>Header Files</Filter>
    </ClInclude>
    <ClInclude Include="$(SolutionDir)\Includes\Detourer\detourermodule.h">
      <Filter>Header Files</Filter>
    </ClInclude>
    <ClInclude Include="$(SolutionDir)\Includes\Detourer\util.h">
      <Filter>Header Files</Filter>
    </ClInclude>
    <ClInclude Include="comms.h">
      <Filter>Header Files</Filter>
    </ClInclude>
    <ClInclude Include="detourerconfig.h">
      <Filter>Header Files</Filter>
    </ClInclude>
    <ClInclude Include="main.h">
      <Filter>Header Files</Filter>
    </ClInclude>
    <ClInclude Include="memoryprotections.h">
      <Filter>Header Files</Filter>
    </ClInclude>
  </ItemGroup>
  <ItemGroup>
    <ClCompile Include="$(SolutionDir)\Includes\Detourer\detourer.cpp">
      <Filter>Source Files</Filter>
    </ClCompile>
    <ClCompile Include="$(SolutionDir)\Includes\Detourer\detourermodule.cpp">
      <Filter>Source Files</Filter>
    </ClCompile>
    <ClCompile Include="$(SolutionDir)\Includes\Detourer\util.cpp">
      <Filter>Source Files</Filter>
    </ClCompile>
    <ClCompile Include="comms.cpp">
      <Filter>Source Files</Filter>
    </ClCompile>
    <ClCompile Include="dllmain.cpp">
      <Filter>Source Files</Filter>
    </ClCompile>
    <ClCompile Include="memoryprotections.cpp">
      <Filter>Source Files</Filter>
    </ClCompile>
  </ItemGroup>
</Project>